{
	"name": "b-r-u-h-discord-bot",
	"version": "0.0.1",
	"lockfileVersion": 1,
	"requires": true,
	"dependencies": {
		"@discordjs/uws": {
			"version": "10.149.0",
			"resolved": "https://registry.npmjs.org/@discordjs/uws/-/uws-10.149.0.tgz",
			"integrity": "sha512-N1wjoAD2DOgzevqzyTOWTgyO2divX03JWNQx4JHm/jQ/BRzZNkhwVRO3RC5Guww+srdgs4Tw4gwrzlJrlOhq/Q=="
		},
		"@keyv/mysql": {
			"version": "1.1.4",
			"resolved": "https://registry.npmjs.org/@keyv/mysql/-/mysql-1.1.4.tgz",
			"integrity": "sha512-eFR75GiB+lS/I9+w18382Tg5mXhLme6jICR7f57zP2WVFrGshnq05a4inAO4dz9riyvw99w78aSL7YPIRjCIvA==",
			"requires": {
				"@keyv/sql": "1.1.2",
				"mysql2": "1.5.2"
			}
		},
		"@keyv/sql": {
			"version": "1.1.2",
			"resolved": "https://registry.npmjs.org/@keyv/sql/-/sql-1.1.2.tgz",
			"integrity": "sha1-HdhKXFrSOE34k08N3+IKuB3Cp10=",
			"requires": {
				"sql": "~0.78.0"
			}
		},
		"@types/node": {
			"version": "13.7.7",
			"resolved": "https://registry.npmjs.org/@types/node/-/node-13.7.7.tgz",
			"integrity": "sha512-Uo4chgKbnPNlxQwoFmYIwctkQVkMMmsAoGGU4JKwLuvBefF0pCq4FybNSnfkfRCpC7ZW7kttcC/TrRtAJsvGtg==",
			"dev": true
		},
		"@types/sqlite3": {
			"version": "3.1.6",
			"resolved": "https://registry.npmjs.org/@types/sqlite3/-/sqlite3-3.1.6.tgz",
			"integrity": "sha512-OBsK0KIGUICExQ/ZvnPY4cKx5Kz4NcrVyGTIvOL5y4ajXu7r++RfBajfpGfGDmDVCKcoCDX1dO84/oeyeITnxA==",
			"dev": true,
			"requires": {
				"@types/node": "*"
			}
		},
		"ansicolors": {
			"version": "0.2.1",
			"resolved": "https://registry.npmjs.org/ansicolors/-/ansicolors-0.2.1.tgz",
			"integrity": "sha1-vgiVmQl7dKXJxKhKDNvNtivYeu8="
		},
		"async-limiter": {
			"version": "1.0.1",
			"resolved": "https://registry.npmjs.org/async-limiter/-/async-limiter-1.0.1.tgz",
			"integrity": "sha512-csOlWGAcRFJaI6m+F2WKdnMKr4HhdhFVBk0H/QbJFMCr+uO2kwohwXQPxw/9OCxp05r5ghVBFSyioixx3gfkNQ=="
		},
		"cardinal": {
			"version": "1.0.0",
			"resolved": "https://registry.npmjs.org/cardinal/-/cardinal-1.0.0.tgz",
			"integrity": "sha1-UOIcGwqjdyn5N33vGWtanOyTLuk=",
			"requires": {
				"ansicolors": "~0.2.1",
				"redeyed": "~1.0.0"
			}
		},
		"core-util-is": {
			"version": "1.0.2",
			"resolved": "https://registry.npmjs.org/core-util-is/-/core-util-is-1.0.2.tgz",
			"integrity": "sha1-tf1UIgqivFq1eqtxQMlAdUUDwac="
		},
		"denque": {
			"version": "1.4.1",
			"resolved": "https://registry.npmjs.org/denque/-/denque-1.4.1.tgz",
			"integrity": "sha512-OfzPuSZKGcgr96rf1oODnfjqBFmr1DVoc/TrItj3Ohe0Ah1C5WX5Baquw/9U9KovnQ88EqmJbD66rKYUQYN1tQ=="
		},
		"discord.js": {
			"version": "11.6.2",
			"resolved": "https://registry.npmjs.org/discord.js/-/discord.js-11.6.2.tgz",
			"integrity": "sha512-QwN7RBb705qqvxletW41aw8ScZJh4LUVWtGNdLA1/N4od1pf8pueDWdnKLqw9pAud6cg9AADcCkm8os1YHWESg==",
			"requires": {
				"long": "^4.0.0",
				"prism-media": "^0.0.4",
				"snekfetch": "^3.6.4",
				"tweetnacl": "^1.0.0",
				"ws": "^6.0.0"
			}
		},
		"dotenv": {
			"version": "8.2.0",
			"resolved": "https://registry.npmjs.org/dotenv/-/dotenv-8.2.0.tgz",
			"integrity": "sha512-8sJ78ElpbDJBHNeBzUbUVLsqKdccaa/BXF1uPTw3GrvQTBgrQrtObr2mUrE38vzYd8cEv+m/JBfDLioYcfXoaw=="
		},
		"esprima": {
			"version": "3.0.0",
			"resolved": "https://registry.npmjs.org/esprima/-/esprima-3.0.0.tgz",
			"integrity": "sha1-U88kes2ncxPlUcOqLnM0LT+099k="
		},
		"generate-function": {
			"version": "2.3.1",
			"resolved": "https://registry.npmjs.org/generate-function/-/generate-function-2.3.1.tgz",
			"integrity": "sha512-eeB5GfMNeevm/GRYq20ShmsaGcmI81kIX2K9XQx5miC8KdHaC6Jm0qQ8ZNeGOi7wYB8OsdxKs+Y2oVuTFuVwKQ==",
			"requires": {
				"is-property": "^1.0.2"
			}
		},
		"iconv-lite": {
			"version": "0.4.24",
			"resolved": "https://registry.npmjs.org/iconv-lite/-/iconv-lite-0.4.24.tgz",
			"integrity": "sha512-v3MXnZAcvnywkTUEZomIActle7RXXeedOR31wwl7VlyoXO4Qi9arvSenNQWne1TcRwhCL1HwLI21bEqdpj8/rA==",
			"requires": {
				"safer-buffer": ">= 2.1.2 < 3"
			}
		},
		"inherits": {
			"version": "2.0.4",
			"resolved": "https://registry.npmjs.org/inherits/-/inherits-2.0.4.tgz",
			"integrity": "sha512-k/vGaX4/Yla3WzyMCvTQOXYeIHvqOKtnqBduzTHpzpQZzAskKMhZ2K+EnBiSM9zGSoIFeMpXKxa4dYeZIQqewQ=="
		},
		"is-property": {
			"version": "1.0.2",
			"resolved": "https://registry.npmjs.org/is-property/-/is-property-1.0.2.tgz",
			"integrity": "sha1-V/4cTkhHTt1lsJkR8msc1Ald2oQ="
		},
		"isarray": {
			"version": "1.0.0",
			"resolved": "https://registry.npmjs.org/isarray/-/isarray-1.0.0.tgz",
			"integrity": "sha1-u5NdSFgsuhaMBoNJV6VKPgcSTxE="
		},
		"json-buffer": {
			"version": "3.0.1",
			"resolved": "https://registry.npmjs.org/json-buffer/-/json-buffer-3.0.1.tgz",
			"integrity": "sha512-4bV5BfR2mqfQTJm+V5tPPdf+ZpuhiIvTuAB5g8kcrXOZpTT/QwwVRWBywX1ozr6lEuPdbHxwaJlm9G6mI2sfSQ=="
		},
		"keyv": {
			"version": "4.0.0",
			"resolved": "https://registry.npmjs.org/keyv/-/keyv-4.0.0.tgz",
			"integrity": "sha512-U7ioE8AimvRVLfw4LffyOIRhL2xVgmE8T22L6i0BucSnBUyv4w+I7VN/zVZwRKHOI6ZRUcdMdWHQ8KSUvGpEog==",
			"requires": {
				"json-buffer": "3.0.1"
			}
		},
		"lodash": {
			"version": "4.17.15",
			"resolved": "https://registry.npmjs.org/lodash/-/lodash-4.17.15.tgz",
			"integrity": "sha512-8xOcRHvCjnocdS5cpwXQXVzmmh5e5+saE2QGoeQmbKmRS6J3VQppPOIt0MnmE+4xlZoumy0GPG0D0MVIQbNA1A=="
		},
		"long": {
			"version": "4.0.0",
			"resolved": "https://registry.npmjs.org/long/-/long-4.0.0.tgz",
			"integrity": "sha512-XsP+KhQif4bjX1kbuSiySJFNAehNxgLb6hPRGJ9QsUr8ajHkuXGdrHmFUTUUXhDwVX2R5bY4JNZEwbUiMhV+MA=="
		},
		"lru-cache": {
			"version": "4.1.5",
			"resolved": "https://registry.npmjs.org/lru-cache/-/lru-cache-4.1.5.tgz",
			"integrity": "sha512-sWZlbEP2OsHNkXrMl5GYk/jKk70MBng6UU4YI/qGDYbgf6YbP4EvmqISbXCoJiRKs+1bSpFHVgQxvJ17F2li5g==",
			"requires": {
				"pseudomap": "^1.0.2",
				"yallist": "^2.1.2"
			},
			"dependencies": {
				"yallist": {
					"version": "2.1.2",
					"resolved": "https://registry.npmjs.org/yallist/-/yallist-2.1.2.tgz",
					"integrity": "sha1-HBH5IY8HYImkfdUS+TxmmaaoHVI="
				}
			}
		},
		"mysql2": {
			"version": "1.5.2",
			"resolved": "https://registry.npmjs.org/mysql2/-/mysql2-1.5.2.tgz",
			"integrity": "sha512-976p3FxXdNMRRiF6Qe/FCOwaUYw3KXVJiIYu5iE5shM7ggIASgF6G/9gd9rhpBqP8V6MVa3KQJ6Ao1xBeGBljw==",
			"requires": {
				"cardinal": "1.0.0",
				"denque": "^1.1.1",
				"generate-function": "^2.0.0",
				"iconv-lite": "^0.4.18",
				"long": "^4.0.0",
				"lru-cache": "^4.1.1",
				"named-placeholders": "1.1.1",
				"object-assign": "^4.1.1",
				"readable-stream": "2.3.2",
				"safe-buffer": "^5.0.1",
				"seq-queue": "0.0.5",
				"sqlstring": "^2.2.0"
			},
			"dependencies": {
				"process-nextick-args": {
					"version": "1.0.7",
					"resolved": "https://registry.npmjs.org/process-nextick-args/-/process-nextick-args-1.0.7.tgz",
					"integrity": "sha1-FQ4gt1ZZCtP5EJPyWk8q2L/zC6M="
				},
				"readable-stream": {
					"version": "2.3.2",
					"resolved": "https://registry.npmjs.org/readable-stream/-/readable-stream-2.3.2.tgz",
					"integrity": "sha1-WgTfBeT1f+Pw3Gj90R3FyXx+b00=",
					"requires": {
						"core-util-is": "~1.0.0",
						"inherits": "~2.0.3",
						"isarray": "~1.0.0",
						"process-nextick-args": "~1.0.6",
						"safe-buffer": "~5.1.0",
						"string_decoder": "~1.0.0",
						"util-deprecate": "~1.0.1"
					}
				},
				"string_decoder": {
					"version": "1.0.3",
					"resolved": "https://registry.npmjs.org/string_decoder/-/string_decoder-1.0.3.tgz",
					"integrity": "sha512-4AH6Z5fzNNBcH+6XDMfA/BTt87skxqJlO0lAh3Dker5zThcAxG6mKz+iGu308UKoPPQ8Dcqx/4JhujzltRa+hQ==",
					"requires": {
						"safe-buffer": "~5.1.0"
					}
				}
			}
		},
		"named-placeholders": {
			"version": "1.1.1",
			"resolved": "https://registry.npmjs.org/named-placeholders/-/named-placeholders-1.1.1.tgz",
			"integrity": "sha1-O3oNJiA910s6nfTJz7gnsvuQfmQ=",
			"requires": {
				"lru-cache": "2.5.0"
			},
			"dependencies": {
				"lru-cache": {
					"version": "2.5.0",
					"resolved": "https://registry.npmjs.org/lru-cache/-/lru-cache-2.5.0.tgz",
					"integrity": "sha1-2COIrpyWC+y+oMc7uet5tsbOmus="
				}
			}
		},
		"object-assign": {
			"version": "4.1.1",
			"resolved": "https://registry.npmjs.org/object-assign/-/object-assign-4.1.1.tgz",
			"integrity": "sha1-IQmtx5ZYh8/AXLvUQsrIv7s2CGM="
		},
		"prism-media": {
			"version": "0.0.4",
			"resolved": "https://registry.npmjs.org/prism-media/-/prism-media-0.0.4.tgz",
			"integrity": "sha512-dG2w7WtovUa4SiYTdWn9H8Bd4JNdei2djtkP/Bk9fXq81j5Q15ZPHYSwhUVvBRbp5zMkGtu0Yk62HuMcly0pRw=="
		},
		"pseudomap": {
			"version": "1.0.2",
			"resolved": "https://registry.npmjs.org/pseudomap/-/pseudomap-1.0.2.tgz",
			"integrity": "sha1-8FKijacOYYkX7wqKw0wa5aaChrM="
		},
		"redeyed": {
			"version": "1.0.1",
			"resolved": "https://registry.npmjs.org/redeyed/-/redeyed-1.0.1.tgz",
			"integrity": "sha1-6WwZO0DAgWsArshCaY5hGF5VSYo=",
			"requires": {
				"esprima": "~3.0.0"
			}
		},
		"safe-buffer": {
			"version": "5.1.2",
			"resolved": "https://registry.npmjs.org/safe-buffer/-/safe-buffer-5.1.2.tgz",
			"integrity": "sha512-Gd2UZBJDkXlY7GbJxfsE8/nvKkUEU1G38c1siN6QP6a9PT9MmHB8GnpscSmMJSoF8LOIrt8ud/wPtojys4G6+g=="
		},
		"safer-buffer": {
			"version": "2.1.2",
			"resolved": "https://registry.npmjs.org/safer-buffer/-/safer-buffer-2.1.2.tgz",
			"integrity": "sha512-YZo3K82SD7Riyi0E1EQPojLz7kpepnSQI9IyPbHHg1XXXevb5dJI7tpyN2ADxGcQbHG7vcyRHk0cbwqcQriUtg=="
		},
		"seq-queue": {
			"version": "0.0.5",
			"resolved": "https://registry.npmjs.org/seq-queue/-/seq-queue-0.0.5.tgz",
			"integrity": "sha1-1WgS4cAXpuTnw+Ojeh2m143TyT4="
		},
		"sliced": {
			"version": "0.0.5",
			"resolved": "https://registry.npmjs.org/sliced/-/sliced-0.0.5.tgz",
			"integrity": "sha1-XtwETKTrb3gW1Qui/GPiXY/kcH8="
		},
		"snekfetch": {
			"version": "3.6.4",
			"resolved": "https://registry.npmjs.org/snekfetch/-/snekfetch-3.6.4.tgz",
			"integrity": "sha512-NjxjITIj04Ffqid5lqr7XdgwM7X61c/Dns073Ly170bPQHLm6jkmelye/eglS++1nfTWktpP6Y2bFXjdPlQqdw=="
		},
		"sql": {
			"version": "0.78.0",
			"resolved": "https://registry.npmjs.org/sql/-/sql-0.78.0.tgz",
			"integrity": "sha1-iUWF1WER27F2h0Gk2ZNcgshZWUk=",
			"requires": {
				"lodash": "4.1.x",
				"sliced": "0.0.x"
			},
			"dependencies": {
				"lodash": {
					"version": "4.1.0",
					"resolved": "https://registry.npmjs.org/lodash/-/lodash-4.1.0.tgz",
					"integrity": "sha1-KZiUKD3gGp7vvt/0xLmwCmoubpY="
				}
			}
		},
		"sqlstring": {
			"version": "2.3.1",
			"resolved": "https://registry.npmjs.org/sqlstring/-/sqlstring-2.3.1.tgz",
			"integrity": "sha1-R1OT/56RR5rqYtyvDKPRSYOn+0A="
		},
		"steamapi": {
			"version": "2.0.7",
			"resolved": "https://registry.npmjs.org/steamapi/-/steamapi-2.0.7.tgz",
			"integrity": "sha512-hmGMgqf5y0baGWXWnkr7hpX9PIf6l5nTXz+UQumVpEKP6lBZ3+D0434uuzAeBeHRTIBH1/wut00n/oQs6EpzmA=="
		},
		"tweetnacl": {
			"version": "1.0.3",
			"resolved": "https://registry.npmjs.org/tweetnacl/-/tweetnacl-1.0.3.tgz",
			"integrity": "sha512-6rt+RN7aOi1nGMyC4Xa5DdYiukl2UWCbcJft7YhxReBGQD7OAM8Pbxw6YMo4r2diNEA8FEmu32YOn9rhaiE5yw=="
		},
		"util-deprecate": {
			"version": "1.0.2",
			"resolved": "https://registry.npmjs.org/util-deprecate/-/util-deprecate-1.0.2.tgz",
			"integrity": "sha1-RQ1Nyfpw3nMnYvvS1KKJgUGaDM8="
		},
		"ws": {
			"version": "6.2.1",
			"resolved": "https://registry.npmjs.org/ws/-/ws-6.2.1.tgz",
			"integrity": "sha512-GIyAXC2cB7LjvpgMt9EKS2ldqr0MTrORaleiOno6TweZ6r3TKtoFQWay/2PceJ3RuBasOHzXNn5Lrw1X0bEjqA==",
			"requires": {
				"async-limiter": "~1.0.0"
			}
		}
	}
}
